// !$*UTF8*$!
{
	archiveVersion = 1;
	classes = {
	};
	objectVersion = 56;
	objects = {

/* Begin PBXBuildFile section */
		3074BA1529CB157000E07185 /* NameView.swift in Sources */ = {isa = PBXBuildFile; fileRef = 3074BA1429CB157000E07185 /* NameView.swift */; };
		30B8D38A29CC26280023C2D6 /* SplashView.swift in Sources */ = {isa = PBXBuildFile; fileRef = 30B8D38929CC26280023C2D6 /* SplashView.swift */; };
		30B938E629CC7CE900639DE8 /* MotionManager.swift in Sources */ = {isa = PBXBuildFile; fileRef = 30B938E529CC7CE900639DE8 /* MotionManager.swift */; };
		30D3F2E129C9C19400596EC3 /* KudosSeeder.json in Resources */ = {isa = PBXBuildFile; fileRef = 30D3F2E029C9C19400596EC3 /* KudosSeeder.json */; };
		30D3F2E529CA065200596EC3 /* KudosData.swift in Sources */ = {isa = PBXBuildFile; fileRef = 30D3F2E429CA065200596EC3 /* KudosData.swift */; };
		30D3F2E729CA06EC00596EC3 /* DataLoader.swift in Sources */ = {isa = PBXBuildFile; fileRef = 30D3F2E629CA06EC00596EC3 /* DataLoader.swift */; };
		30D3F2ED29CA13ED00596EC3 /* CrackedView.swift in Sources */ = {isa = PBXBuildFile; fileRef = 30D3F2EC29CA13ED00596EC3 /* CrackedView.swift */; };
		30D3F2EF29CA150F00596EC3 /* KudosManager.swift in Sources */ = {isa = PBXBuildFile; fileRef = 30D3F2EE29CA150F00596EC3 /* KudosManager.swift */; };
		A57D113729C8BE8400DCA956 /* Kudos_CookiesApp.swift in Sources */ = {isa = PBXBuildFile; fileRef = A57D113629C8BE8400DCA956 /* Kudos_CookiesApp.swift */; };
		A57D113929C8BE8400DCA956 /* ContentView.swift in Sources */ = {isa = PBXBuildFile; fileRef = A57D113829C8BE8400DCA956 /* ContentView.swift */; };
		A57D113B29C8BE8500DCA956 /* Assets.xcassets in Resources */ = {isa = PBXBuildFile; fileRef = A57D113A29C8BE8500DCA956 /* Assets.xcassets */; };
		A57D113E29C8BE8500DCA956 /* Preview Assets.xcassets in Resources */ = {isa = PBXBuildFile; fileRef = A57D113D29C8BE8500DCA956 /* Preview Assets.xcassets */; };
		A57D114529C8CA3000DCA956 /* homeView.swift in Sources */ = {isa = PBXBuildFile; fileRef = A57D114429C8CA3000DCA956 /* homeView.swift */; };
		A5F76E7E29CD7EF10008C67D /* cookie.swift in Sources */ = {isa = PBXBuildFile; fileRef = A5F76E7D29CD7EF10008C67D /* cookie.swift */; };
/* End PBXBuildFile section */

/* Begin PBXFileReference section */
		3074BA1429CB157000E07185 /* NameView.swift */ = {isa = PBXFileReference; lastKnownFileType = sourcecode.swift; path = NameView.swift; sourceTree = "<group>"; };
		30B8D38929CC26280023C2D6 /* SplashView.swift */ = {isa = PBXFileReference; lastKnownFileType = sourcecode.swift; path = SplashView.swift; sourceTree = "<group>"; };
		30B938E529CC7CE900639DE8 /* MotionManager.swift */ = {isa = PBXFileReference; lastKnownFileType = sourcecode.swift; path = MotionManager.swift; sourceTree = "<group>"; };
		30D3F2E029C9C19400596EC3 /* KudosSeeder.json */ = {isa = PBXFileReference; lastKnownFileType = text.json; path = KudosSeeder.json; sourceTree = "<group>"; };
		30D3F2E429CA065200596EC3 /* KudosData.swift */ = {isa = PBXFileReference; lastKnownFileType = sourcecode.swift; path = KudosData.swift; sourceTree = "<group>"; };
		30D3F2E629CA06EC00596EC3 /* DataLoader.swift */ = {isa = PBXFileReference; lastKnownFileType = sourcecode.swift; path = DataLoader.swift; sourceTree = "<group>"; };
		30D3F2EC29CA13ED00596EC3 /* CrackedView.swift */ = {isa = PBXFileReference; lastKnownFileType = sourcecode.swift; path = CrackedView.swift; sourceTree = "<group>"; };
		30D3F2EE29CA150F00596EC3 /* KudosManager.swift */ = {isa = PBXFileReference; lastKnownFileType = sourcecode.swift; path = KudosManager.swift; sourceTree = "<group>"; };
		A57D113329C8BE8400DCA956 /* Kudos-Cookies.app */ = {isa = PBXFileReference; explicitFileType = wrapper.application; includeInIndex = 0; path = "Kudos-Cookies.app"; sourceTree = BUILT_PRODUCTS_DIR; };
		A57D113629C8BE8400DCA956 /* Kudos_CookiesApp.swift */ = {isa = PBXFileReference; lastKnownFileType = sourcecode.swift; path = Kudos_CookiesApp.swift; sourceTree = "<group>"; };
		A57D113829C8BE8400DCA956 /* ContentView.swift */ = {isa = PBXFileReference; lastKnownFileType = sourcecode.swift; path = ContentView.swift; sourceTree = "<group>"; };
		A57D113A29C8BE8500DCA956 /* Assets.xcassets */ = {isa = PBXFileReference; lastKnownFileType = folder.assetcatalog; path = Assets.xcassets; sourceTree = "<group>"; };
		A57D113D29C8BE8500DCA956 /* Preview Assets.xcassets */ = {isa = PBXFileReference; lastKnownFileType = folder.assetcatalog; path = "Preview Assets.xcassets"; sourceTree = "<group>"; };
		A57D114429C8CA3000DCA956 /* homeView.swift */ = {isa = PBXFileReference; lastKnownFileType = sourcecode.swift; path = homeView.swift; sourceTree = "<group>"; };
		A5F76E7D29CD7EF10008C67D /* cookie.swift */ = {isa = PBXFileReference; lastKnownFileType = sourcecode.swift; path = cookie.swift; sourceTree = "<group>"; };
/* End PBXFileReference section */

/* Begin PBXFrameworksBuildPhase section */
		A57D113029C8BE8400DCA956 /* Frameworks */ = {
			isa = PBXFrameworksBuildPhase;
			buildActionMask = 2147483647;
			files = (
			);
			runOnlyForDeploymentPostprocessing = 0;
		};
/* End PBXFrameworksBuildPhase section */

/* Begin PBXGroup section */
		30CF25B229CB45B000127F7C /* Database */ = {
			isa = PBXGroup;
			children = (
				30D3F2E429CA065200596EC3 /* KudosData.swift */,
				30D3F2E629CA06EC00596EC3 /* DataLoader.swift */,
				30D3F2E029C9C19400596EC3 /* KudosSeeder.json */,
				30D3F2EE29CA150F00596EC3 /* KudosManager.swift */,
				30B938E529CC7CE900639DE8 /* MotionManager.swift */,
			);
			path = Database;
			sourceTree = "<group>";
		};
		30D3F2EB29CA13CF00596EC3 /* Views */ = {
			isa = PBXGroup;
			children = (
				A57D113829C8BE8400DCA956 /* ContentView.swift */,
				30B8D38929CC26280023C2D6 /* SplashView.swift */,
				A57D114429C8CA3000DCA956 /* homeView.swift */,
				30D3F2EC29CA13ED00596EC3 /* CrackedView.swift */,
				3074BA1429CB157000E07185 /* NameView.swift */,
				A5F76E7D29CD7EF10008C67D /* cookie.swift */,
			);
			path = Views;
			sourceTree = "<group>";
		};
		A57D112A29C8BE8400DCA956 = {
			isa = PBXGroup;
			children = (
				A57D113529C8BE8400DCA956 /* Kudos-Cookies */,
				A57D113429C8BE8400DCA956 /* Products */,
			);
			sourceTree = "<group>";
		};
		A57D113429C8BE8400DCA956 /* Products */ = {
			isa = PBXGroup;
			children = (
				A57D113329C8BE8400DCA956 /* Kudos-Cookies.app */,
			);
			name = Products;
			sourceTree = "<group>";
		};
		A57D113529C8BE8400DCA956 /* Kudos-Cookies */ = {
			isa = PBXGroup;
			children = (
				30CF25B229CB45B000127F7C /* Database */,
				30D3F2EB29CA13CF00596EC3 /* Views */,
				A57D113629C8BE8400DCA956 /* Kudos_CookiesApp.swift */,
				A57D113A29C8BE8500DCA956 /* Assets.xcassets */,
				A57D113C29C8BE8500DCA956 /* Preview Content */,
			);
			path = "Kudos-Cookies";
			sourceTree = "<group>";
		};
		A57D113C29C8BE8500DCA956 /* Preview Content */ = {
			isa = PBXGroup;
			children = (
				A57D113D29C8BE8500DCA956 /* Preview Assets.xcassets */,
			);
			path = "Preview Content";
			sourceTree = "<group>";
		};
/* End PBXGroup section */

/* Begin PBXNativeTarget section */
		A57D113229C8BE8400DCA956 /* Kudos-Cookies */ = {
			isa = PBXNativeTarget;
			buildConfigurationList = A57D114129C8BE8500DCA956 /* Build configuration list for PBXNativeTarget "Kudos-Cookies" */;
			buildPhases = (
				A57D112F29C8BE8400DCA956 /* Sources */,
				A57D113029C8BE8400DCA956 /* Frameworks */,
				A57D113129C8BE8400DCA956 /* Resources */,
			);
			buildRules = (
			);
			dependencies = (
			);
			name = "Kudos-Cookies";
			productName = "Kudos-Cookies";
			productReference = A57D113329C8BE8400DCA956 /* Kudos-Cookies.app */;
			productType = "com.apple.product-type.application";
		};
/* End PBXNativeTarget section */

/* Begin PBXProject section */
		A57D112B29C8BE8400DCA956 /* Project object */ = {
			isa = PBXProject;
			attributes = {
				BuildIndependentTargetsInParallel = 1;
				LastSwiftUpdateCheck = 1420;
				LastUpgradeCheck = 1420;
				TargetAttributes = {
					A57D113229C8BE8400DCA956 = {
						CreatedOnToolsVersion = 14.2;
					};
				};
			};
			buildConfigurationList = A57D112E29C8BE8400DCA956 /* Build configuration list for PBXProject "Kudos-Cookies" */;
			compatibilityVersion = "Xcode 14.0";
			developmentRegion = en;
			hasScannedForEncodings = 0;
			knownRegions = (
				en,
				Base,
			);
			mainGroup = A57D112A29C8BE8400DCA956;
			productRefGroup = A57D113429C8BE8400DCA956 /* Products */;
			projectDirPath = "";
			projectRoot = "";
			targets = (
				A57D113229C8BE8400DCA956 /* Kudos-Cookies */,
			);
		};
/* End PBXProject section */

/* Begin PBXResourcesBuildPhase section */
		A57D113129C8BE8400DCA956 /* Resources */ = {
			isa = PBXResourcesBuildPhase;
			buildActionMask = 2147483647;
			files = (
				A57D113E29C8BE8500DCA956 /* Preview Assets.xcassets in Resources */,
				A57D113B29C8BE8500DCA956 /* Assets.xcassets in Resources */,
				30D3F2E129C9C19400596EC3 /* KudosSeeder.json in Resources */,
			);
			runOnlyForDeploymentPostprocessing = 0;
		};
/* End PBXResourcesBuildPhase section */

/* Begin PBXSourcesBuildPhase section */
		A57D112F29C8BE8400DCA956 /* Sources */ = {
			isa = PBXSourcesBuildPhase;
			buildActionMask = 2147483647;
			files = (
				A5F76E7E29CD7EF10008C67D /* cookie.swift in Sources */,
				A57D113929C8BE8400DCA956 /* ContentView.swift in Sources */,
				A57D113729C8BE8400DCA956 /* Kudos_CookiesApp.swift in Sources */,
				30D3F2ED29CA13ED00596EC3 /* CrackedView.swift in Sources */,
				30B938E629CC7CE900639DE8 /* MotionManager.swift in Sources */,
				30D3F2E729CA06EC00596EC3 /* DataLoader.swift in Sources */,
				30D3F2E529CA065200596EC3 /* KudosData.swift in Sources */,
				3074BA1529CB157000E07185 /* NameView.swift in Sources */,
				30D3F2EF29CA150F00596EC3 /* KudosManager.swift in Sources */,
				A57D114529C8CA3000DCA956 /* homeView.swift in Sources */,
				30B8D38A29CC26280023C2D6 /* SplashView.swift in Sources */,
			);
			runOnlyForDeploymentPostprocessing = 0;
		};
/* End PBXSourcesBuildPhase section */

/* Begin XCBuildConfiguration section */
		A57D113F29C8BE8500DCA956 /* Debug */ = {
			isa = XCBuildConfiguration;
			buildSettings = {
				ALWAYS_SEARCH_USER_PATHS = NO;
				CLANG_ANALYZER_NONNULL = YES;
				CLANG_ANALYZER_NUMBER_OBJECT_CONVERSION = YES_AGGRESSIVE;
				CLANG_CXX_LANGUAGE_STANDARD = "gnu++20";
				CLANG_ENABLE_MODULES = YES;
				CLANG_ENABLE_OBJC_ARC = YES;
				CLANG_ENABLE_OBJC_WEAK = YES;
				CLANG_WARN_BLOCK_CAPTURE_AUTORELEASING = YES;
				CLANG_WARN_BOOL_CONVERSION = YES;
				CLANG_WARN_COMMA = YES;
				CLANG_WARN_CONSTANT_CONVERSION = YES;
				CLANG_WARN_DEPRECATED_OBJC_IMPLEMENTATIONS = YES;
				CLANG_WARN_DIRECT_OBJC_ISA_USAGE = YES_ERROR;
				CLANG_WARN_DOCUMENTATION_COMMENTS = YES;
				CLANG_WARN_EMPTY_BODY = YES;
				CLANG_WARN_ENUM_CONVERSION = YES;
				CLANG_WARN_INFINITE_RECURSION = YES;
				CLANG_WARN_INT_CONVERSION = YES;
				CLANG_WARN_NON_LITERAL_NULL_CONVERSION = YES;
				CLANG_WARN_OBJC_IMPLICIT_RETAIN_SELF = YES;
				CLANG_WARN_OBJC_LITERAL_CONVERSION = YES;
				CLANG_WARN_OBJC_ROOT_CLASS = YES_ERROR;
				CLANG_WARN_QUOTED_INCLUDE_IN_FRAMEWORK_HEADER = YES;
				CLANG_WARN_RANGE_LOOP_ANALYSIS = YES;
				CLANG_WARN_STRICT_PROTOTYPES = YES;
				CLANG_WARN_SUSPICIOUS_MOVE = YES;
				CLANG_WARN_UNGUARDED_AVAILABILITY = YES_AGGRESSIVE;
				CLANG_WARN_UNREACHABLE_CODE = YES;
				CLANG_WARN__DUPLICATE_METHOD_MATCH = YES;
				COPY_PHASE_STRIP = NO;
				DEBUG_INFORMATION_FORMAT = dwarf;
				ENABLE_STRICT_OBJC_MSGSEND = YES;
				ENABLE_TESTABILITY = YES;
				GCC_C_LANGUAGE_STANDARD = gnu11;
				GCC_DYNAMIC_NO_PIC = NO;
				GCC_NO_COMMON_BLOCKS = YES;
				GCC_OPTIMIZATION_LEVEL = 0;
				GCC_PREPROCESSOR_DEFINITIONS = (
					"DEBUG=1",
					"$(inherited)",
				);
				GCC_WARN_64_TO_32_BIT_CONVERSION = YES;
				GCC_WARN_ABOUT_RETURN_TYPE = YES_ERROR;
				GCC_WARN_UNDECLARED_SELECTOR = YES;
				GCC_WARN_UNINITIALIZED_AUTOS = YES_AGGRESSIVE;
				GCC_WARN_UNUSED_FUNCTION = YES;
				GCC_WARN_UNUSED_VARIABLE = YES;
				IPHONEOS_DEPLOYMENT_TARGET = 16.2;
				MTL_ENABLE_DEBUG_INFO = INCLUDE_SOURCE;
				MTL_FAST_MATH = YES;
				ONLY_ACTIVE_ARCH = YES;
				SDKROOT = iphoneos;
				SWIFT_ACTIVE_COMPILATION_CONDITIONS = DEBUG;
				SWIFT_OPTIMIZATION_LEVEL = "-Onone";
			};
			name = Debug;
		};
		A57D114029C8BE8500DCA956 /* Release */ = {
			isa = XCBuildConfiguration;
			buildSettings = {
				ALWAYS_SEARCH_USER_PATHS = NO;
				CLANG_ANALYZER_NONNULL = YES;
				CLANG_ANALYZER_NUMBER_OBJECT_CONVERSION = YES_AGGRESSIVE;
				CLANG_CXX_LANGUAGE_STANDARD = "gnu++20";
				CLANG_ENABLE_MODULES = YES;
				CLANG_ENABLE_OBJC_ARC = YES;
				CLANG_ENABLE_OBJC_WEAK = YES;
				CLANG_WARN_BLOCK_CAPTURE_AUTORELEASING = YES;
				CLANG_WARN_BOOL_CONVERSION = YES;
				CLANG_WARN_COMMA = YES;
				CLANG_WARN_CONSTANT_CONVERSION = YES;
				CLANG_WARN_DEPRECATED_OBJC_IMPLEMENTATIONS = YES;
				CLANG_WARN_DIRECT_OBJC_ISA_USAGE = YES_ERROR;
				CLANG_WARN_DOCUMENTATION_COMMENTS = YES;
				CLANG_WARN_EMPTY_BODY = YES;
				CLANG_WARN_ENUM_CONVERSION = YES;
				CLANG_WARN_INFINITE_RECURSION = YES;
				CLANG_WARN_INT_CONVERSION = YES;
				CLANG_WARN_NON_LITERAL_NULL_CONVERSION = YES;
				CLANG_WARN_OBJC_IMPLICIT_RETAIN_SELF = YES;
				CLANG_WARN_OBJC_LITERAL_CONVERSION = YES;
				CLANG_WARN_OBJC_ROOT_CLASS = YES_ERROR;
				CLANG_WARN_QUOTED_INCLUDE_IN_FRAMEWORK_HEADER = YES;
				CLANG_WARN_RANGE_LOOP_ANALYSIS = YES;
				CLANG_WARN_STRICT_PROTOTYPES = YES;
				CLANG_WARN_SUSPICIOUS_MOVE = YES;
				CLANG_WARN_UNGUARDED_AVAILABILITY = YES_AGGRESSIVE;
				CLANG_WARN_UNREACHABLE_CODE = YES;
				CLANG_WARN__DUPLICATE_METHOD_MATCH = YES;
				COPY_PHASE_STRIP = NO;
				DEBUG_INFORMATION_FORMAT = "dwarf-with-dsym";
				ENABLE_NS_ASSERTIONS = NO;
				ENABLE_STRICT_OBJC_MSGSEND = YES;
				GCC_C_LANGUAGE_STANDARD = gnu11;
				GCC_NO_COMMON_BLOCKS = YES;
				GCC_WARN_64_TO_32_BIT_CONVERSION = YES;
				GCC_WARN_ABOUT_RETURN_TYPE = YES_ERROR;
				GCC_WARN_UNDECLARED_SELECTOR = YES;
				GCC_WARN_UNINITIALIZED_AUTOS = YES_AGGRESSIVE;
				GCC_WARN_UNUSED_FUNCTION = YES;
				GCC_WARN_UNUSED_VARIABLE = YES;
				IPHONEOS_DEPLOYMENT_TARGET = 16.2;
				MTL_ENABLE_DEBUG_INFO = NO;
				MTL_FAST_MATH = YES;
				SDKROOT = iphoneos;
				SWIFT_COMPILATION_MODE = wholemodule;
				SWIFT_OPTIMIZATION_LEVEL = "-O";
				VALIDATE_PRODUCT = YES;
			};
			name = Release;
		};
		A57D114229C8BE8500DCA956 /* Debug */ = {
			isa = XCBuildConfiguration;
			buildSettings = {
				ASSETCATALOG_COMPILER_APPICON_NAME = AppIcon;
				ASSETCATALOG_COMPILER_GLOBAL_ACCENT_COLOR_NAME = AccentColor;
				CODE_SIGN_STYLE = Automatic;
				CURRENT_PROJECT_VERSION = 1;
				DEVELOPMENT_ASSET_PATHS = "\"Kudos-Cookies/Preview Content\"";
				DEVELOPMENT_TEAM = NQ6K7G8J8Z;
				ENABLE_PREVIEWS = YES;
				GENERATE_INFOPLIST_FILE = YES;
				INFOPLIST_KEY_UIApplicationSceneManifest_Generation = YES;
				INFOPLIST_KEY_UIApplicationSupportsIndirectInputEvents = YES;
				INFOPLIST_KEY_UILaunchScreen_Generation = YES;
				INFOPLIST_KEY_UISupportedInterfaceOrientations_iPad = "UIInterfaceOrientationPortrait UIInterfaceOrientationPortraitUpsideDown UIInterfaceOrientationLandscapeLeft UIInterfaceOrientationLandscapeRight";
				INFOPLIST_KEY_UISupportedInterfaceOrientations_iPhone = "UIInterfaceOrientationPortrait UIInterfaceOrientationLandscapeLeft UIInterfaceOrientationLandscapeRight";
				LD_RUNPATH_SEARCH_PATHS = (
					"$(inherited)",
					"@executable_path/Frameworks",
				);
				MARKETING_VERSION = 1.0;
				PRODUCT_BUNDLE_IDENTIFIER = nano1.com;
				PRODUCT_NAME = "$(TARGET_NAME)";
				SWIFT_EMIT_LOC_STRINGS = YES;
				SWIFT_VERSION = 5.0;
				TARGETED_DEVICE_FAMILY = "1,2";
			};
			name = Debug;
		};
		A57D114329C8BE8500DCA956 /* Release */ = {
			isa = XCBuildConfiguration;
			buildSettings = {
				ASSETCATALOG_COMPILER_APPICON_NAME = AppIcon;
				ASSETCATALOG_COMPILER_GLOBAL_ACCENT_COLOR_NAME = AccentColor;
				CODE_SIGN_STYLE = Automatic;
				CURRENT_PROJECT_VERSION = 1;
				DEVELOPMENT_ASSET_PATHS = "\"Kudos-Cookies/Preview Content\"";
				DEVELOPMENT_TEAM = NQ6K7G8J8Z;
				ENABLE_PREVIEWS = YES;
				GENERATE_INFOPLIST_FILE = YES;
				INFOPLIST_KEY_UIApplicationSceneManifest_Generation = YES;
				INFOPLIST_KEY_UIApplicationSupportsIndirectInputEvents = YES;
				INFOPLIST_KEY_UILaunchScreen_Generation = YES;
				INFOPLIST_KEY_UISupportedInterfaceOrientations_iPad = "UIInterfaceOrientationPortrait UIInterfaceOrientationPortraitUpsideDown UIInterfaceOrientationLandscapeLeft UIInterfaceOrientationLandscapeRight";
				INFOPLIST_KEY_UISupportedInterfaceOrientations_iPhone = "UIInterfaceOrientationPortrait UIInterfaceOrientationLandscapeLeft UIInterfaceOrientationLandscapeRight";
				LD_RUNPATH_SEARCH_PATHS = (
					"$(inherited)",
					"@executable_path/Frameworks",
				);
				MARKETING_VERSION = 1.0;
				PRODUCT_BUNDLE_IDENTIFIER = nano1.com;
				PRODUCT_NAME = "$(TARGET_NAME)";
				SWIFT_EMIT_LOC_STRINGS = YES;
				SWIFT_VERSION = 5.0;
				TARGETED_DEVICE_FAMILY = "1,2";
			};
			name = Release;
		};
/* End XCBuildConfiguration section */

/* Begin XCConfigurationList section */
		A57D112E29C8BE8400DCA956 /* Build configuration list for PBXProject "Kudos-Cookies" */ = {
			isa = XCConfigurationList;
			buildConfigurations = (
				A57D113F29C8BE8500DCA956 /* Debug */,
				A57D114029C8BE8500DCA956 /* Release */,
			);
			defaultConfigurationIsVisible = 0;
			defaultConfigurationName = Release;
		};
		A57D114129C8BE8500DCA956 /* Build configuration list for PBXNativeTarget "Kudos-Cookies" */ = {
			isa = XCConfigurationList;
			buildConfigurations = (
				A57D114229C8BE8500DCA956 /* Debug */,
				A57D114329C8BE8500DCA956 /* Release */,
			);
			defaultConfigurationIsVisible = 0;
			defaultConfigurationName = Release;
		};
/* End XCConfigurationList section */
	};
	rootObject = A57D112B29C8BE8400DCA956 /* Project object */;
}
